
Microsoft Visual Studio Solution File, Format Version 12.00
# Visual Studio Version 16
VisualStudioVersion = 16.0.30011.22
MinimumVisualStudioVersion = 10.0.40219.1
Project("{9A19103F-16F7-4668-BE54-9A1E7A4F7556}") = "client", "client\client.csproj", "{07C47BCB-5686-4CC1-90ED-5A1D0B403B77}"
EndProject
Project("{9A19103F-16F7-4668-BE54-9A1E7A4F7556}") = "JobProcessor", "JobProcessor\JobProcessor.csproj", "{DD72D7DB-F23F-4F45-B903-0D93B2A6C44B}"
EndProject
Project("{9A19103F-16F7-4668-BE54-9A1E7A4F7556}") = "SNSMessageProcessor", "SNSMessageProcessor\SNSMessageProcessor.csproj", "{1B435145-A593-40B1-85DE-D3287A7B13C5}"
EndProject
Project("{9A19103F-16F7-4668-BE54-9A1E7A4F7556}") = "AuthorizeUser", "AuthorizeUser\AuthorizeUser.csproj", "{47AF756F-965F-4BF0-9D5D-FADB5BC9D0C2}"
EndProject
Project("{9A19103F-16F7-4668-BE54-9A1E7A4F7556}") = "ApproveRequestActivityWorker", "ApproveRequestActivityWorker\ApproveRequestActivityWorker.csproj", "{19155252-FEAB-4355-9A12-4447EAA059F6}"
EndProject
Project("{2150E333-8FDC-42A3-9474-1A3956D46DE8}") = "LambdaFunctions", "LambdaFunctions", "{E3C7CFB6-C2C0-450A-8803-FEF7BED3FB0F}"
EndProject
Project("{9A19103F-16F7-4668-BE54-9A1E7A4F7556}") = "ApproveRequestAuto", "ApproveRequestAuto\ApproveRequestAuto.csproj", "{7D5D543F-99DF-44EA-BFD7-A2751FE95390}"
EndProject
Project("{9A19103F-16F7-4668-BE54-9A1E7A4F7556}") = "S3Api", "S3Api\S3Api.csproj", "{57FD332C-C8AE-4777-AAA3-78C110AD2D0F}"
EndProject
Project("{9A19103F-16F7-4668-BE54-9A1E7A4F7556}") = "AuthorizeUserV2", "AuthorizeUserV2\AuthorizeUserV2.csproj", "{FE3A499B-77F2-465C-9A1B-11E38E884A0B}"
EndProject
Project("{9A19103F-16F7-4668-BE54-9A1E7A4F7556}") = "AuthorizeUserProxy", "AuthorizeUserProxy\AuthorizeUserProxy.csproj", "{596F5C6F-E28E-49CF-8B9C-AFD51EE4FD39}"
EndProject
Project("{9A19103F-16F7-4668-BE54-9A1E7A4F7556}") = "LambdaAuthorizer", "LambdaAuthorizer\LambdaAuthorizer.csproj", "{C4D3ED92-78A0-46A7-B804-9C192B805F6D}"
EndProject
Project("{9A19103F-16F7-4668-BE54-9A1E7A4F7556}") = "CreateUser", "CreateUser\CreateUser.csproj", "{E5A095CC-2439-4CC1-8EEF-9C1492161CB2}"
EndProject
Project("{9A19103F-16F7-4668-BE54-9A1E7A4F7556}") = "Models", "Models\Models.csproj", "{CA994513-8D9E-4BAE-8CEA-D2E312510DE8}"
EndProject
Project("{9A19103F-16F7-4668-BE54-9A1E7A4F7556}") = "ProcessS3BucketChange", "ProcessS3BucketChange\ProcessS3BucketChange.csproj", "{75429F68-061C-4150-B5E2-7C67F8B68DBD}"
EndProject
Project("{9A19103F-16F7-4668-BE54-9A1E7A4F7556}") = "ProcessS3BucketChangeCloudWatch", "ProcessS3BucketChangeCloudWatch\ProcessS3BucketChangeCloudWatch.csproj", "{644A92F4-63E3-480E-AA91-70CBBAD91B7D}"
EndProject
Project("{9A19103F-16F7-4668-BE54-9A1E7A4F7556}") = "SignRequest", "SignRequest\SignRequest.csproj", "{7B0ED0E6-B90B-4326-B0AC-B0C1FDF41B60}"
EndProject
Project("{9A19103F-16F7-4668-BE54-9A1E7A4F7556}") = "CodeCommitEvent", "CodeCommitEvent\CodeCommitEvent.csproj", "{AEB81BA8-2E19-49BC-BF86-D0F81CE76AA2}"
EndProject
Global
	GlobalSection(SolutionConfigurationPlatforms) = preSolution
		Debug|Any CPU = Debug|Any CPU
		Release|Any CPU = Release|Any CPU
	EndGlobalSection
	GlobalSection(ProjectConfigurationPlatforms) = postSolution
		{07C47BCB-5686-4CC1-90ED-5A1D0B403B77}.Debug|Any CPU.ActiveCfg = Debug|Any CPU
		{07C47BCB-5686-4CC1-90ED-5A1D0B403B77}.Debug|Any CPU.Build.0 = Debug|Any CPU
		{07C47BCB-5686-4CC1-90ED-5A1D0B403B77}.Release|Any CPU.ActiveCfg = Release|Any CPU
		{07C47BCB-5686-4CC1-90ED-5A1D0B403B77}.Release|Any CPU.Build.0 = Release|Any CPU
		{DD72D7DB-F23F-4F45-B903-0D93B2A6C44B}.Debug|Any CPU.ActiveCfg = Debug|Any CPU
		{DD72D7DB-F23F-4F45-B903-0D93B2A6C44B}.Debug|Any CPU.Build.0 = Debug|Any CPU
		{DD72D7DB-F23F-4F45-B903-0D93B2A6C44B}.Release|Any CPU.ActiveCfg = Release|Any CPU
		{DD72D7DB-F23F-4F45-B903-0D93B2A6C44B}.Release|Any CPU.Build.0 = Release|Any CPU
		{1B435145-A593-40B1-85DE-D3287A7B13C5}.Debug|Any CPU.ActiveCfg = Debug|Any CPU
		{1B435145-A593-40B1-85DE-D3287A7B13C5}.Debug|Any CPU.Build.0 = Debug|Any CPU
		{1B435145-A593-40B1-85DE-D3287A7B13C5}.Release|Any CPU.ActiveCfg = Release|Any CPU
		{1B435145-A593-40B1-85DE-D3287A7B13C5}.Release|Any CPU.Build.0 = Release|Any CPU
		{47AF756F-965F-4BF0-9D5D-FADB5BC9D0C2}.Debug|Any CPU.ActiveCfg = Debug|Any CPU
		{47AF756F-965F-4BF0-9D5D-FADB5BC9D0C2}.Debug|Any CPU.Build.0 = Debug|Any CPU
		{47AF756F-965F-4BF0-9D5D-FADB5BC9D0C2}.Release|Any CPU.ActiveCfg = Release|Any CPU
		{47AF756F-965F-4BF0-9D5D-FADB5BC9D0C2}.Release|Any CPU.Build.0 = Release|Any CPU
		{19155252-FEAB-4355-9A12-4447EAA059F6}.Debug|Any CPU.ActiveCfg = Debug|Any CPU
		{19155252-FEAB-4355-9A12-4447EAA059F6}.Debug|Any CPU.Build.0 = Debug|Any CPU
		{19155252-FEAB-4355-9A12-4447EAA059F6}.Release|Any CPU.ActiveCfg = Release|Any CPU
		{19155252-FEAB-4355-9A12-4447EAA059F6}.Release|Any CPU.Build.0 = Release|Any CPU
		{7D5D543F-99DF-44EA-BFD7-A2751FE95390}.Debug|Any CPU.ActiveCfg = Debug|Any CPU
		{7D5D543F-99DF-44EA-BFD7-A2751FE95390}.Debug|Any CPU.Build.0 = Debug|Any CPU
		{7D5D543F-99DF-44EA-BFD7-A2751FE95390}.Release|Any CPU.ActiveCfg = Release|Any CPU
		{7D5D543F-99DF-44EA-BFD7-A2751FE95390}.Release|Any CPU.Build.0 = Release|Any CPU
		{57FD332C-C8AE-4777-AAA3-78C110AD2D0F}.Debug|Any CPU.ActiveCfg = Debug|Any CPU
		{57FD332C-C8AE-4777-AAA3-78C110AD2D0F}.Debug|Any CPU.Build.0 = Debug|Any CPU
		{57FD332C-C8AE-4777-AAA3-78C110AD2D0F}.Release|Any CPU.ActiveCfg = Release|Any CPU
		{57FD332C-C8AE-4777-AAA3-78C110AD2D0F}.Release|Any CPU.Build.0 = Release|Any CPU
		{FE3A499B-77F2-465C-9A1B-11E38E884A0B}.Debug|Any CPU.ActiveCfg = Debug|Any CPU
		{FE3A499B-77F2-465C-9A1B-11E38E884A0B}.Debug|Any CPU.Build.0 = Debug|Any CPU
		{FE3A499B-77F2-465C-9A1B-11E38E884A0B}.Release|Any CPU.ActiveCfg = Release|Any CPU
		{FE3A499B-77F2-465C-9A1B-11E38E884A0B}.Release|Any CPU.Build.0 = Release|Any CPU
		{596F5C6F-E28E-49CF-8B9C-AFD51EE4FD39}.Debug|Any CPU.ActiveCfg = Debug|Any CPU
		{596F5C6F-E28E-49CF-8B9C-AFD51EE4FD39}.Debug|Any CPU.Build.0 = Debug|Any CPU
		{596F5C6F-E28E-49CF-8B9C-AFD51EE4FD39}.Release|Any CPU.ActiveCfg = Release|Any CPU
		{596F5C6F-E28E-49CF-8B9C-AFD51EE4FD39}.Release|Any CPU.Build.0 = Release|Any CPU
		{C4D3ED92-78A0-46A7-B804-9C192B805F6D}.Debug|Any CPU.ActiveCfg = Debug|Any CPU
		{C4D3ED92-78A0-46A7-B804-9C192B805F6D}.Debug|Any CPU.Build.0 = Debug|Any CPU
		{C4D3ED92-78A0-46A7-B804-9C192B805F6D}.Release|Any CPU.ActiveCfg = Release|Any CPU
		{C4D3ED92-78A0-46A7-B804-9C192B805F6D}.Release|Any CPU.Build.0 = Release|Any CPU
		{E5A095CC-2439-4CC1-8EEF-9C1492161CB2}.Debug|Any CPU.ActiveCfg = Debug|Any CPU
		{E5A095CC-2439-4CC1-8EEF-9C1492161CB2}.Debug|Any CPU.Build.0 = Debug|Any CPU
		{E5A095CC-2439-4CC1-8EEF-9C1492161CB2}.Release|Any CPU.ActiveCfg = Release|Any CPU
		{E5A095CC-2439-4CC1-8EEF-9C1492161CB2}.Release|Any CPU.Build.0 = Release|Any CPU
		{CA994513-8D9E-4BAE-8CEA-D2E312510DE8}.Debug|Any CPU.ActiveCfg = Debug|Any CPU
		{CA994513-8D9E-4BAE-8CEA-D2E312510DE8}.Debug|Any CPU.Build.0 = Debug|Any CPU
		{CA994513-8D9E-4BAE-8CEA-D2E312510DE8}.Release|Any CPU.ActiveCfg = Release|Any CPU
		{CA994513-8D9E-4BAE-8CEA-D2E312510DE8}.Release|Any CPU.Build.0 = Release|Any CPU
		{75429F68-061C-4150-B5E2-7C67F8B68DBD}.Debug|Any CPU.ActiveCfg = Debug|Any CPU
		{75429F68-061C-4150-B5E2-7C67F8B68DBD}.Debug|Any CPU.Build.0 = Debug|Any CPU
		{75429F68-061C-4150-B5E2-7C67F8B68DBD}.Release|Any CPU.ActiveCfg = Release|Any CPU
		{75429F68-061C-4150-B5E2-7C67F8B68DBD}.Release|Any CPU.Build.0 = Release|Any CPU
		{644A92F4-63E3-480E-AA91-70CBBAD91B7D}.Debug|Any CPU.ActiveCfg = Debug|Any CPU
		{644A92F4-63E3-480E-AA91-70CBBAD91B7D}.Debug|Any CPU.Build.0 = Debug|Any CPU
		{644A92F4-63E3-480E-AA91-70CBBAD91B7D}.Release|Any CPU.ActiveCfg = Release|Any CPU
		{644A92F4-63E3-480E-AA91-70CBBAD91B7D}.Release|Any CPU.Build.0 = Release|Any CPU
		{7B0ED0E6-B90B-4326-B0AC-B0C1FDF41B60}.Debug|Any CPU.ActiveCfg = Debug|Any CPU
		{7B0ED0E6-B90B-4326-B0AC-B0C1FDF41B60}.Debug|Any CPU.Build.0 = Debug|Any CPU
		{7B0ED0E6-B90B-4326-B0AC-B0C1FDF41B60}.Release|Any CPU.ActiveCfg = Release|Any CPU
		{7B0ED0E6-B90B-4326-B0AC-B0C1FDF41B60}.Release|Any CPU.Build.0 = Release|Any CPU
		{AEB81BA8-2E19-49BC-BF86-D0F81CE76AA2}.Debug|Any CPU.ActiveCfg = Debug|Any CPU
		{AEB81BA8-2E19-49BC-BF86-D0F81CE76AA2}.Debug|Any CPU.Build.0 = Debug|Any CPU
		{AEB81BA8-2E19-49BC-BF86-D0F81CE76AA2}.Release|Any CPU.ActiveCfg = Release|Any CPU
		{AEB81BA8-2E19-49BC-BF86-D0F81CE76AA2}.Release|Any CPU.Build.0 = Release|Any CPU
	EndGlobalSection
	GlobalSection(SolutionProperties) = preSolution
		HideSolutionNode = FALSE
	EndGlobalSection
	GlobalSection(NestedProjects) = preSolution
		{1B435145-A593-40B1-85DE-D3287A7B13C5} = {E3C7CFB6-C2C0-450A-8803-FEF7BED3FB0F}
		{47AF756F-965F-4BF0-9D5D-FADB5BC9D0C2} = {E3C7CFB6-C2C0-450A-8803-FEF7BED3FB0F}
		{19155252-FEAB-4355-9A12-4447EAA059F6} = {E3C7CFB6-C2C0-450A-8803-FEF7BED3FB0F}
		{7D5D543F-99DF-44EA-BFD7-A2751FE95390} = {E3C7CFB6-C2C0-450A-8803-FEF7BED3FB0F}
		{FE3A499B-77F2-465C-9A1B-11E38E884A0B} = {E3C7CFB6-C2C0-450A-8803-FEF7BED3FB0F}
		{596F5C6F-E28E-49CF-8B9C-AFD51EE4FD39} = {E3C7CFB6-C2C0-450A-8803-FEF7BED3FB0F}
		{C4D3ED92-78A0-46A7-B804-9C192B805F6D} = {E3C7CFB6-C2C0-450A-8803-FEF7BED3FB0F}
		{E5A095CC-2439-4CC1-8EEF-9C1492161CB2} = {E3C7CFB6-C2C0-450A-8803-FEF7BED3FB0F}
		{CA994513-8D9E-4BAE-8CEA-D2E312510DE8} = {E3C7CFB6-C2C0-450A-8803-FEF7BED3FB0F}
		{75429F68-061C-4150-B5E2-7C67F8B68DBD} = {E3C7CFB6-C2C0-450A-8803-FEF7BED3FB0F}
		{644A92F4-63E3-480E-AA91-70CBBAD91B7D} = {E3C7CFB6-C2C0-450A-8803-FEF7BED3FB0F}
		{AEB81BA8-2E19-49BC-BF86-D0F81CE76AA2} = {E3C7CFB6-C2C0-450A-8803-FEF7BED3FB0F}
	EndGlobalSection
	GlobalSection(ExtensibilityGlobals) = postSolution
		SolutionGuid = {A6C60966-6D9C-4FEE-9757-62F9BDFD3B4F}
	EndGlobalSection
EndGlobal
