
Microsoft Visual Studio Solution File, Format Version 12.00
# Visual Studio Version 16
VisualStudioVersion = 16.0.30011.22
MinimumVisualStudioVersion = 10.0.40219.1
Project("{9A19103F-16F7-4668-BE54-9A1E7A4F7556}") = "client", "client\client.csproj", "{07C47BCB-5686-4CC1-90ED-5A1D0B403B77}"
EndProject
Project("{9A19103F-16F7-4668-BE54-9A1E7A4F7556}") = "JobProcessor", "JobProcessor\JobProcessor.csproj", "{DD72D7DB-F23F-4F45-B903-0D93B2A6C44B}"
EndProject
Project("{9A19103F-16F7-4668-BE54-9A1E7A4F7556}") = "SNSMessageProcessor", "SNSMessageProcessor\SNSMessageProcessor.csproj", "{1B435145-A593-40B1-85DE-D3287A7B13C5}"
EndProject
Global
	GlobalSection(SolutionConfigurationPlatforms) = preSolution
		Debug|Any CPU = Debug|Any CPU
		Release|Any CPU = Release|Any CPU
	EndGlobalSection
	GlobalSection(ProjectConfigurationPlatforms) = postSolution
		{07C47BCB-5686-4CC1-90ED-5A1D0B403B77}.Debug|Any CPU.ActiveCfg = Debug|Any CPU
		{07C47BCB-5686-4CC1-90ED-5A1D0B403B77}.Debug|Any CPU.Build.0 = Debug|Any CPU
		{07C47BCB-5686-4CC1-90ED-5A1D0B403B77}.Release|Any CPU.ActiveCfg = Release|Any CPU
		{07C47BCB-5686-4CC1-90ED-5A1D0B403B77}.Release|Any CPU.Build.0 = Release|Any CPU
		{DD72D7DB-F23F-4F45-B903-0D93B2A6C44B}.Debug|Any CPU.ActiveCfg = Debug|Any CPU
		{DD72D7DB-F23F-4F45-B903-0D93B2A6C44B}.Debug|Any CPU.Build.0 = Debug|Any CPU
		{DD72D7DB-F23F-4F45-B903-0D93B2A6C44B}.Release|Any CPU.ActiveCfg = Release|Any CPU
		{DD72D7DB-F23F-4F45-B903-0D93B2A6C44B}.Release|Any CPU.Build.0 = Release|Any CPU
		{1B435145-A593-40B1-85DE-D3287A7B13C5}.Debug|Any CPU.ActiveCfg = Debug|Any CPU
		{1B435145-A593-40B1-85DE-D3287A7B13C5}.Debug|Any CPU.Build.0 = Debug|Any CPU
		{1B435145-A593-40B1-85DE-D3287A7B13C5}.Release|Any CPU.ActiveCfg = Release|Any CPU
		{1B435145-A593-40B1-85DE-D3287A7B13C5}.Release|Any CPU.Build.0 = Release|Any CPU
	EndGlobalSection
	GlobalSection(SolutionProperties) = preSolution
		HideSolutionNode = FALSE
	EndGlobalSection
	GlobalSection(ExtensibilityGlobals) = postSolution
		SolutionGuid = {A6C60966-6D9C-4FEE-9757-62F9BDFD3B4F}
	EndGlobalSection
EndGlobal
